
Microsoft Visual Studio Solution File, Format Version 12.00
# Visual Studio Version 16
VisualStudioVersion = 16.0.31624.102
MinimumVisualStudioVersion = 10.0.40219.1
Project("{FAE04EC0-301F-11D3-BF4B-00C04F79EFBC}") = "SpecFlowNetCoreDemo", "SpecFlowNetCoreDemo.csproj", "{0C85CE7E-22C4-491F-ACE0-EC6EDB60C954}"
EndProject
Global
	GlobalSection(SolutionConfigurationPlatforms) = preSolution
		Debug|Any CPU = Debug|Any CPU
		Release|Any CPU = Release|Any CPU
	EndGlobalSection
	GlobalSection(ProjectConfigurationPlatforms) = postSolution
		{0C85CE7E-22C4-491F-ACE0-EC6EDB60C954}.Debug|Any CPU.ActiveCfg = Debug|Any CPU
		{0C85CE7E-22C4-491F-ACE0-EC6EDB60C954}.Debug|Any CPU.Build.0 = Debug|Any CPU
		{0C85CE7E-22C4-491F-ACE0-EC6EDB60C954}.Release|Any CPU.ActiveCfg = Release|Any CPU
		{0C85CE7E-22C4-491F-ACE0-EC6EDB60C954}.Release|Any CPU.Build.0 = Release|Any CPU
	EndGlobalSection
	GlobalSection(SolutionProperties) = preSolution
		HideSolutionNode = FALSE
	EndGlobalSection
	GlobalSection(ExtensibilityGlobals) = postSolution
		SolutionGuid = {5EA367E7-FF36-4687-9B09-27F86184EBD2}
	EndGlobalSection
EndGlobal
